// !$*UTF8*$!
{
	archiveVersion = 1;
	classes = {
	};
	objectVersion = 50;
	objects = {

/* Begin PBXBuildFile section */
		3461FBF82255BEC2006BE2EF /* AppDelegate.swift in Sources */ = {isa = PBXBuildFile; fileRef = 3461FBF72255BEC2006BE2EF /* AppDelegate.swift */; };
		3461FBFA2255BEC2006BE2EF /* ListViewController.swift in Sources */ = {isa = PBXBuildFile; fileRef = 3461FBF92255BEC2006BE2EF /* ListViewController.swift */; };
		3461FBFF2255BEC3006BE2EF /* Assets.xcassets in Resources */ = {isa = PBXBuildFile; fileRef = 3461FBFE2255BEC3006BE2EF /* Assets.xcassets */; };
		3461FC022255BEC3006BE2EF /* LaunchScreen.storyboard in Resources */ = {isa = PBXBuildFile; fileRef = 3461FC002255BEC3006BE2EF /* LaunchScreen.storyboard */; };
		3461FC0A2255C3F8006BE2EF /* Models.swift in Sources */ = {isa = PBXBuildFile; fileRef = 3461FC092255C3F8006BE2EF /* Models.swift */; };
		3461FC0E2255C6E0006BE2EF /* DetailViewController.swift in Sources */ = {isa = PBXBuildFile; fileRef = 3461FC0D2255C6E0006BE2EF /* DetailViewController.swift */; };
		3461FC102256E96B006BE2EF /* APIAdapter.swift in Sources */ = {isa = PBXBuildFile; fileRef = 3461FC0F2256E96B006BE2EF /* APIAdapter.swift */; };
		3461FC1222570A35006BE2EF /* ListWorker.swift in Sources */ = {isa = PBXBuildFile; fileRef = 3461FC1122570A35006BE2EF /* ListWorker.swift */; };
		3461FC1422570D19006BE2EF /* ListState.swift in Sources */ = {isa = PBXBuildFile; fileRef = 3461FC1322570D19006BE2EF /* ListState.swift */; };
		3461FC1622572F99006BE2EF /* ListStore.swift in Sources */ = {isa = PBXBuildFile; fileRef = 3461FC1522572F99006BE2EF /* ListStore.swift */; };
/* End PBXBuildFile section */

/* Begin PBXFileReference section */
		3461FBF42255BEC2006BE2EF /* UndirectionalSample.app */ = {isa = PBXFileReference; explicitFileType = wrapper.application; includeInIndex = 0; path = UndirectionalSample.app; sourceTree = BUILT_PRODUCTS_DIR; };
		3461FBF72255BEC2006BE2EF /* AppDelegate.swift */ = {isa = PBXFileReference; lastKnownFileType = sourcecode.swift; path = AppDelegate.swift; sourceTree = "<group>"; };
		3461FBF92255BEC2006BE2EF /* ListViewController.swift */ = {isa = PBXFileReference; lastKnownFileType = sourcecode.swift; path = ListViewController.swift; sourceTree = "<group>"; };
		3461FBFE2255BEC3006BE2EF /* Assets.xcassets */ = {isa = PBXFileReference; lastKnownFileType = folder.assetcatalog; path = Assets.xcassets; sourceTree = "<group>"; };
		3461FC012255BEC3006BE2EF /* Base */ = {isa = PBXFileReference; lastKnownFileType = file.storyboard; name = Base; path = Base.lproj/LaunchScreen.storyboard; sourceTree = "<group>"; };
		3461FC032255BEC3006BE2EF /* Info.plist */ = {isa = PBXFileReference; lastKnownFileType = text.plist.xml; path = Info.plist; sourceTree = "<group>"; };
		3461FC092255C3F8006BE2EF /* Models.swift */ = {isa = PBXFileReference; lastKnownFileType = sourcecode.swift; path = Models.swift; sourceTree = "<group>"; };
		3461FC0D2255C6E0006BE2EF /* DetailViewController.swift */ = {isa = PBXFileReference; lastKnownFileType = sourcecode.swift; path = DetailViewController.swift; sourceTree = "<group>"; };
		3461FC0F2256E96B006BE2EF /* APIAdapter.swift */ = {isa = PBXFileReference; lastKnownFileType = sourcecode.swift; path = APIAdapter.swift; sourceTree = "<group>"; };
		3461FC1122570A35006BE2EF /* ListWorker.swift */ = {isa = PBXFileReference; lastKnownFileType = sourcecode.swift; path = ListWorker.swift; sourceTree = "<group>"; };
		3461FC1322570D19006BE2EF /* ListState.swift */ = {isa = PBXFileReference; lastKnownFileType = sourcecode.swift; path = ListState.swift; sourceTree = "<group>"; };
		3461FC1522572F99006BE2EF /* ListStore.swift */ = {isa = PBXFileReference; lastKnownFileType = sourcecode.swift; path = ListStore.swift; sourceTree = "<group>"; };
/* End PBXFileReference section */

/* Begin PBXFrameworksBuildPhase section */
		3461FBF12255BEC2006BE2EF /* Frameworks */ = {
			isa = PBXFrameworksBuildPhase;
			buildActionMask = 2147483647;
			files = (
			);
			runOnlyForDeploymentPostprocessing = 0;
		};
/* End PBXFrameworksBuildPhase section */

/* Begin PBXGroup section */
		3461FBEB2255BEC2006BE2EF = {
			isa = PBXGroup;
			children = (
				3461FBF62255BEC2006BE2EF /* UndirectionalSample */,
				3461FBF52255BEC2006BE2EF /* Products */,
			);
			sourceTree = "<group>";
		};
		3461FBF52255BEC2006BE2EF /* Products */ = {
			isa = PBXGroup;
			children = (
				3461FBF42255BEC2006BE2EF /* UndirectionalSample.app */,
			);
			name = Products;
			sourceTree = "<group>";
		};
		3461FBF62255BEC2006BE2EF /* UndirectionalSample */ = {
			isa = PBXGroup;
			children = (
				3461FBF72255BEC2006BE2EF /* AppDelegate.swift */,
				3461FC0F2256E96B006BE2EF /* APIAdapter.swift */,
				3461FC092255C3F8006BE2EF /* Models.swift */,
				3461FC0B2255C6B4006BE2EF /* List */,
				3461FC0C2255C6BE006BE2EF /* Detail */,
				3461FBFE2255BEC3006BE2EF /* Assets.xcassets */,
				3461FC002255BEC3006BE2EF /* LaunchScreen.storyboard */,
				3461FC032255BEC3006BE2EF /* Info.plist */,
			);
			path = UndirectionalSample;
			sourceTree = "<group>";
		};
		3461FC0B2255C6B4006BE2EF /* List */ = {
			isa = PBXGroup;
			children = (
				3461FBF92255BEC2006BE2EF /* ListViewController.swift */,
				3461FC1122570A35006BE2EF /* ListWorker.swift */,
				3461FC1522572F99006BE2EF /* ListStore.swift */,
				3461FC1322570D19006BE2EF /* ListState.swift */,
			);
			path = List;
			sourceTree = "<group>";
		};
		3461FC0C2255C6BE006BE2EF /* Detail */ = {
			isa = PBXGroup;
			children = (
				3461FC0D2255C6E0006BE2EF /* DetailViewController.swift */,
			);
			path = Detail;
			sourceTree = "<group>";
		};
/* End PBXGroup section */

/* Begin PBXNativeTarget section */
		3461FBF32255BEC2006BE2EF /* UndirectionalSample */ = {
			isa = PBXNativeTarget;
			buildConfigurationList = 3461FC062255BEC3006BE2EF /* Build configuration list for PBXNativeTarget "UndirectionalSample" */;
			buildPhases = (
				3461FBF02255BEC2006BE2EF /* Sources */,
				3461FBF12255BEC2006BE2EF /* Frameworks */,
				3461FBF22255BEC2006BE2EF /* Resources */,
			);
			buildRules = (
			);
			dependencies = (
			);
			name = UndirectionalSample;
			productName = UndirectionalSample;
			productReference = 3461FBF42255BEC2006BE2EF /* UndirectionalSample.app */;
			productType = "com.apple.product-type.application";
		};
/* End PBXNativeTarget section */

/* Begin PBXProject section */
		3461FBEC2255BEC2006BE2EF /* Project object */ = {
			isa = PBXProject;
			attributes = {
				LastSwiftUpdateCheck = 1020;
				LastUpgradeCheck = 1020;
				ORGANIZATIONNAME = "Matthew Cheok";
				TargetAttributes = {
					3461FBF32255BEC2006BE2EF = {
						CreatedOnToolsVersion = 10.2;
					};
				};
			};
			buildConfigurationList = 3461FBEF2255BEC2006BE2EF /* Build configuration list for PBXProject "UndirectionalSample" */;
			compatibilityVersion = "Xcode 9.3";
			developmentRegion = en;
			hasScannedForEncodings = 0;
			knownRegions = (
				en,
				Base,
			);
			mainGroup = 3461FBEB2255BEC2006BE2EF;
			productRefGroup = 3461FBF52255BEC2006BE2EF /* Products */;
			projectDirPath = "";
			projectRoot = "";
			targets = (
				3461FBF32255BEC2006BE2EF /* UndirectionalSample */,
			);
		};
/* End PBXProject section */

/* Begin PBXResourcesBuildPhase section */
		3461FBF22255BEC2006BE2EF /* Resources */ = {
			isa = PBXResourcesBuildPhase;
			buildActionMask = 2147483647;
			files = (
				3461FC022255BEC3006BE2EF /* LaunchScreen.storyboard in Resources */,
				3461FBFF2255BEC3006BE2EF /* Assets.xcassets in Resources */,
			);
			runOnlyForDeploymentPostprocessing = 0;
		};
/* End PBXResourcesBuildPhase section */

/* Begin PBXSourcesBuildPhase section */
		3461FBF02255BEC2006BE2EF /* Sources */ = {
			isa = PBXSourcesBuildPhase;
			buildActionMask = 2147483647;
			files = (
				3461FC0A2255C3F8006BE2EF /* Models.swift in Sources */,
				3461FC1422570D19006BE2EF /* ListState.swift in Sources */,
				3461FBFA2255BEC2006BE2EF /* ListViewController.swift in Sources */,
				3461FC1622572F99006BE2EF /* ListStore.swift in Sources */,
				3461FC102256E96B006BE2EF /* APIAdapter.swift in Sources */,
				3461FC1222570A35006BE2EF /* ListWorker.swift in Sources */,
				3461FBF82255BEC2006BE2EF /* AppDelegate.swift in Sources */,
				3461FC0E2255C6E0006BE2EF /* DetailViewController.swift in Sources */,
			);
			runOnlyForDeploymentPostprocessing = 0;
		};
/* End PBXSourcesBuildPhase section */

/* Begin PBXVariantGroup section */
		3461FC002255BEC3006BE2EF /* LaunchScreen.storyboard */ = {
			isa = PBXVariantGroup;
			children = (
				3461FC012255BEC3006BE2EF /* Base */,
			);
			name = LaunchScreen.storyboard;
			sourceTree = "<group>";
		};
/* End PBXVariantGroup section */

/* Begin XCBuildConfiguration section */
		3461FC042255BEC3006BE2EF /* Debug */ = {
			isa = XCBuildConfiguration;
			buildSettings = {
				ALWAYS_SEARCH_USER_PATHS = NO;
				CLANG_ANALYZER_NONNULL = YES;
				CLANG_ANALYZER_NUMBER_OBJECT_CONVERSION = YES_AGGRESSIVE;
				CLANG_CXX_LANGUAGE_STANDARD = "gnu++14";
				CLANG_CXX_LIBRARY = "libc++";
				CLANG_ENABLE_MODULES = YES;
				CLANG_ENABLE_OBJC_ARC = YES;
				CLANG_ENABLE_OBJC_WEAK = YES;
				CLANG_WARN_BLOCK_CAPTURE_AUTORELEASING = YES;
				CLANG_WARN_BOOL_CONVERSION = YES;
				CLANG_WARN_COMMA = YES;
				CLANG_WARN_CONSTANT_CONVERSION = YES;
				CLANG_WARN_DEPRECATED_OBJC_IMPLEMENTATIONS = YES;
				CLANG_WARN_DIRECT_OBJC_ISA_USAGE = YES_ERROR;
				CLANG_WARN_DOCUMENTATION_COMMENTS = YES;
				CLANG_WARN_EMPTY_BODY = YES;
				CLANG_WARN_ENUM_CONVERSION = YES;
				CLANG_WARN_INFINITE_RECURSION = YES;
				CLANG_WARN_INT_CONVERSION = YES;
				CLANG_WARN_NON_LITERAL_NULL_CONVERSION = YES;
				CLANG_WARN_OBJC_IMPLICIT_RETAIN_SELF = YES;
				CLANG_WARN_OBJC_LITERAL_CONVERSION = YES;
				CLANG_WARN_OBJC_ROOT_CLASS = YES_ERROR;
				CLANG_WARN_RANGE_LOOP_ANALYSIS = YES;
				CLANG_WARN_STRICT_PROTOTYPES = YES;
				CLANG_WARN_SUSPICIOUS_MOVE = YES;
				CLANG_WARN_UNGUARDED_AVAILABILITY = YES_AGGRESSIVE;
				CLANG_WARN_UNREACHABLE_CODE = YES;
				CLANG_WARN__DUPLICATE_METHOD_MATCH = YES;
				CODE_SIGN_IDENTITY = "iPhone Developer";
				COPY_PHASE_STRIP = NO;
				DEBUG_INFORMATION_FORMAT = dwarf;
				ENABLE_STRICT_OBJC_MSGSEND = YES;
				ENABLE_TESTABILITY = YES;
				GCC_C_LANGUAGE_STANDARD = gnu11;
				GCC_DYNAMIC_NO_PIC = NO;
				GCC_NO_COMMON_BLOCKS = YES;
				GCC_OPTIMIZATION_LEVEL = 0;
				GCC_PREPROCESSOR_DEFINITIONS = (
					"DEBUG=1",
					"$(inherited)",
				);
				GCC_WARN_64_TO_32_BIT_CONVERSION = YES;
				GCC_WARN_ABOUT_RETURN_TYPE = YES_ERROR;
				GCC_WARN_UNDECLARED_SELECTOR = YES;
				GCC_WARN_UNINITIALIZED_AUTOS = YES_AGGRESSIVE;
				GCC_WARN_UNUSED_FUNCTION = YES;
				GCC_WARN_UNUSED_VARIABLE = YES;
				IPHONEOS_DEPLOYMENT_TARGET = 12.2;
				MTL_ENABLE_DEBUG_INFO = INCLUDE_SOURCE;
				MTL_FAST_MATH = YES;
				ONLY_ACTIVE_ARCH = YES;
				SDKROOT = iphoneos;
				SWIFT_ACTIVE_COMPILATION_CONDITIONS = DEBUG;
				SWIFT_OPTIMIZATION_LEVEL = "-Onone";
			};
			name = Debug;
		};
		3461FC052255BEC3006BE2EF /* Release */ = {
			isa = XCBuildConfiguration;
			buildSettings = {
				ALWAYS_SEARCH_USER_PATHS = NO;
				CLANG_ANALYZER_NONNULL = YES;
				CLANG_ANALYZER_NUMBER_OBJECT_CONVERSION = YES_AGGRESSIVE;
				CLANG_CXX_LANGUAGE_STANDARD = "gnu++14";
				CLANG_CXX_LIBRARY = "libc++";
				CLANG_ENABLE_MODULES = YES;
				CLANG_ENABLE_OBJC_ARC = YES;
				CLANG_ENABLE_OBJC_WEAK = YES;
				CLANG_WARN_BLOCK_CAPTURE_AUTORELEASING = YES;
				CLANG_WARN_BOOL_CONVERSION = YES;
				CLANG_WARN_COMMA = YES;
				CLANG_WARN_CONSTANT_CONVERSION = YES;
				CLANG_WARN_DEPRECATED_OBJC_IMPLEMENTATIONS = YES;
				CLANG_WARN_DIRECT_OBJC_ISA_USAGE = YES_ERROR;
				CLANG_WARN_DOCUMENTATION_COMMENTS = YES;
				CLANG_WARN_EMPTY_BODY = YES;
				CLANG_WARN_ENUM_CONVERSION = YES;
				CLANG_WARN_INFINITE_RECURSION = YES;
				CLANG_WARN_INT_CONVERSION = YES;
				CLANG_WARN_NON_LITERAL_NULL_CONVERSION = YES;
				CLANG_WARN_OBJC_IMPLICIT_RETAIN_SELF = YES;
				CLANG_WARN_OBJC_LITERAL_CONVERSION = YES;
				CLANG_WARN_OBJC_ROOT_CLASS = YES_ERROR;
				CLANG_WARN_RANGE_LOOP_ANALYSIS = YES;
				CLANG_WARN_STRICT_PROTOTYPES = YES;
				CLANG_WARN_SUSPICIOUS_MOVE = YES;
				CLANG_WARN_UNGUARDED_AVAILABILITY = YES_AGGRESSIVE;
				CLANG_WARN_UNREACHABLE_CODE = YES;
				CLANG_WARN__DUPLICATE_METHOD_MATCH = YES;
				CODE_SIGN_IDENTITY = "iPhone Developer";
				COPY_PHASE_STRIP = NO;
				DEBUG_INFORMATION_FORMAT = "dwarf-with-dsym";
				ENABLE_NS_ASSERTIONS = NO;
				ENABLE_STRICT_OBJC_MSGSEND = YES;
				GCC_C_LANGUAGE_STANDARD = gnu11;
				GCC_NO_COMMON_BLOCKS = YES;
				GCC_WARN_64_TO_32_BIT_CONVERSION = YES;
				GCC_WARN_ABOUT_RETURN_TYPE = YES_ERROR;
				GCC_WARN_UNDECLARED_SELECTOR = YES;
				GCC_WARN_UNINITIALIZED_AUTOS = YES_AGGRESSIVE;
				GCC_WARN_UNUSED_FUNCTION = YES;
				GCC_WARN_UNUSED_VARIABLE = YES;
				IPHONEOS_DEPLOYMENT_TARGET = 12.2;
				MTL_ENABLE_DEBUG_INFO = NO;
				MTL_FAST_MATH = YES;
				SDKROOT = iphoneos;
				SWIFT_COMPILATION_MODE = wholemodule;
				SWIFT_OPTIMIZATION_LEVEL = "-O";
				VALIDATE_PRODUCT = YES;
			};
			name = Release;
		};
		3461FC072255BEC3006BE2EF /* Debug */ = {
			isa = XCBuildConfiguration;
			buildSettings = {
				ASSETCATALOG_COMPILER_APPICON_NAME = AppIcon;
				CODE_SIGN_STYLE = Automatic;
				DEVELOPMENT_TEAM = CZH2288A22;
				INFOPLIST_FILE = UndirectionalSample/Info.plist;
				LD_RUNPATH_SEARCH_PATHS = (
					"$(inherited)",
					"@executable_path/Frameworks",
				);
				PRODUCT_BUNDLE_IDENTIFIER = com.matthewcheok.UndirectionalSample;
				PRODUCT_NAME = "$(TARGET_NAME)";
				SWIFT_VERSION = 5.0;
				TARGETED_DEVICE_FAMILY = "1,2";
			};
			name = Debug;
		};
		3461FC082255BEC3006BE2EF /* Release */ = {
			isa = XCBuildConfiguration;
			buildSettings = {
				ASSETCATALOG_COMPILER_APPICON_NAME = AppIcon;
				CODE_SIGN_STYLE = Automatic;
				DEVELOPMENT_TEAM = CZH2288A22;
				INFOPLIST_FILE = UndirectionalSample/Info.plist;
				LD_RUNPATH_SEARCH_PATHS = (
					"$(inherited)",
					"@executable_path/Frameworks",
				);
				PRODUCT_BUNDLE_IDENTIFIER = com.matthewcheok.UndirectionalSample;
				PRODUCT_NAME = "$(TARGET_NAME)";
				SWIFT_VERSION = 5.0;
				TARGETED_DEVICE_FAMILY = "1,2";
			};
			name = Release;
		};
/* End XCBuildConfiguration section */

/* Begin XCConfigurationList section */
		3461FBEF2255BEC2006BE2EF /* Build configuration list for PBXProject "UndirectionalSample" */ = {
			isa = XCConfigurationList;
			buildConfigurations = (
				3461FC042255BEC3006BE2EF /* Debug */,
				3461FC052255BEC3006BE2EF /* Release */,
			);
			defaultConfigurationIsVisible = 0;
			defaultConfigurationName = Release;
		};
		3461FC062255BEC3006BE2EF /* Build configuration list for PBXNativeTarget "UndirectionalSample" */ = {
			isa = XCConfigurationList;
			buildConfigurations = (
				3461FC072255BEC3006BE2EF /* Debug */,
				3461FC082255BEC3006BE2EF /* Release */,
			);
			defaultConfigurationIsVisible = 0;
			defaultConfigurationName = Release;
		};
/* End XCConfigurationList section */
	};
	rootObject = 3461FBEC2255BEC2006BE2EF /* Project object */;
}
